
Microsoft Visual Studio Solution File, Format Version 12.00
# Visual Studio Version 17
VisualStudioVersion = 17.0.31919.166
MinimumVisualStudioVersion = 10.0.40219.1
Project("{9A19103F-16F7-4668-BE54-9A1E7A4F7556}") = "EventGroups.Api", "EventGroups.WebApi\EventGroups.Api.csproj", "{787CFB42-3008-40AF-8855-01DA3147E9CA}"
EndProject
Project("{9A19103F-16F7-4668-BE54-9A1E7A4F7556}") = "EventGroups.Storage", "EventGroups.Storage\EventGroups.Storage.csproj", "{24B0EB11-2883-4FD5-A0EB-3605F551F442}"
EndProject
Project("{9A19103F-16F7-4668-BE54-9A1E7A4F7556}") = "EventGroups.Contract", "EventGroups.Contract\EventGroups.Contract.csproj", "{355790C1-9FAD-4346-9FF9-42FADD2FAFCC}"
EndProject
Project("{9A19103F-16F7-4668-BE54-9A1E7A4F7556}") = "EventGroups.Client", "EventGroups.Client\EventGroups.Client.csproj", "{8058859B-1753-4D3D-95A9-13B1B6AE9959}"
EndProject
Project("{9A19103F-16F7-4668-BE54-9A1E7A4F7556}") = "EventGroups.App", "EventGroups.App\EventGroups.App.csproj", "{5E3A82D4-0965-40A0-AEC3-38CEA5E7CBC3}"
EndProject
Project("{2150E333-8FDC-42A3-9474-1A3956D46DE8}") = "Solution Items", "Solution Items", "{FA8EC7F2-D730-4012-9BDA-4A60ABB93032}"
	ProjectSection(SolutionItems) = preProject
		database.dll = database.dll
	EndProjectSection
EndProject
Project("{E53339B2-1760-4266-BCC7-CA923CBCF16C}") = "docker-compose", "docker-compose.dcproj", "{8F0BE8AD-63CD-4E2D-A4E6-279C7B81E376}"
EndProject
Project("{9A19103F-16F7-4668-BE54-9A1E7A4F7556}") = "LoggerMessages.Roslyn.Tests", "Tests\LoggerMessages.Roslyn.Tests\LoggerMessages.Roslyn.Tests.csproj", "{203E368B-4A8D-44DD-A791-E9FF9D7E124B}"
EndProject
Project("{9A19103F-16F7-4668-BE54-9A1E7A4F7556}") = "LoggerMessage.Shared", "LoggerMessage.Shared\LoggerMessage.Shared.csproj", "{6439A734-F29D-467E-B4A4-7FD0C501E28D}"
EndProject
Project("{FAE04EC0-301F-11D3-BF4B-00C04F79EFBC}") = "LoggerMessageTools", "LoggerMessageTools\LoggerMessageTools.csproj", "{F590F696-18DD-4DD8-92CA-799CDD2BE822}"
EndProject
Project("{9A19103F-16F7-4668-BE54-9A1E7A4F7556}") = "LoggerMessage.Tools", "LoggerMessage.Tools\LoggerMessage.Tools.csproj", "{6BB745BD-516C-4DE6-978A-F6F77B90CEF1}"
EndProject
Global
	GlobalSection(SolutionConfigurationPlatforms) = preSolution
		Debug|Any CPU = Debug|Any CPU
		Debug|x86 = Debug|x86
		Release|Any CPU = Release|Any CPU
		Release|x86 = Release|x86
	EndGlobalSection
	GlobalSection(ProjectConfigurationPlatforms) = postSolution
		{787CFB42-3008-40AF-8855-01DA3147E9CA}.Debug|Any CPU.ActiveCfg = Debug|Any CPU
		{787CFB42-3008-40AF-8855-01DA3147E9CA}.Debug|Any CPU.Build.0 = Debug|Any CPU
		{787CFB42-3008-40AF-8855-01DA3147E9CA}.Debug|x86.ActiveCfg = Debug|Any CPU
		{787CFB42-3008-40AF-8855-01DA3147E9CA}.Debug|x86.Build.0 = Debug|Any CPU
		{787CFB42-3008-40AF-8855-01DA3147E9CA}.Release|Any CPU.ActiveCfg = Release|Any CPU
		{787CFB42-3008-40AF-8855-01DA3147E9CA}.Release|Any CPU.Build.0 = Release|Any CPU
		{787CFB42-3008-40AF-8855-01DA3147E9CA}.Release|x86.ActiveCfg = Release|Any CPU
		{787CFB42-3008-40AF-8855-01DA3147E9CA}.Release|x86.Build.0 = Release|Any CPU
		{24B0EB11-2883-4FD5-A0EB-3605F551F442}.Debug|Any CPU.ActiveCfg = Debug|Any CPU
		{24B0EB11-2883-4FD5-A0EB-3605F551F442}.Debug|Any CPU.Build.0 = Debug|Any CPU
		{24B0EB11-2883-4FD5-A0EB-3605F551F442}.Debug|x86.ActiveCfg = Debug|Any CPU
		{24B0EB11-2883-4FD5-A0EB-3605F551F442}.Debug|x86.Build.0 = Debug|Any CPU
		{24B0EB11-2883-4FD5-A0EB-3605F551F442}.Release|Any CPU.ActiveCfg = Release|Any CPU
		{24B0EB11-2883-4FD5-A0EB-3605F551F442}.Release|Any CPU.Build.0 = Release|Any CPU
		{24B0EB11-2883-4FD5-A0EB-3605F551F442}.Release|x86.ActiveCfg = Release|Any CPU
		{24B0EB11-2883-4FD5-A0EB-3605F551F442}.Release|x86.Build.0 = Release|Any CPU
		{355790C1-9FAD-4346-9FF9-42FADD2FAFCC}.Debug|Any CPU.ActiveCfg = Debug|Any CPU
		{355790C1-9FAD-4346-9FF9-42FADD2FAFCC}.Debug|Any CPU.Build.0 = Debug|Any CPU
		{355790C1-9FAD-4346-9FF9-42FADD2FAFCC}.Debug|x86.ActiveCfg = Debug|Any CPU
		{355790C1-9FAD-4346-9FF9-42FADD2FAFCC}.Debug|x86.Build.0 = Debug|Any CPU
		{355790C1-9FAD-4346-9FF9-42FADD2FAFCC}.Release|Any CPU.ActiveCfg = Release|Any CPU
		{355790C1-9FAD-4346-9FF9-42FADD2FAFCC}.Release|Any CPU.Build.0 = Release|Any CPU
		{355790C1-9FAD-4346-9FF9-42FADD2FAFCC}.Release|x86.ActiveCfg = Release|Any CPU
		{355790C1-9FAD-4346-9FF9-42FADD2FAFCC}.Release|x86.Build.0 = Release|Any CPU
		{8058859B-1753-4D3D-95A9-13B1B6AE9959}.Debug|Any CPU.ActiveCfg = Debug|Any CPU
		{8058859B-1753-4D3D-95A9-13B1B6AE9959}.Debug|Any CPU.Build.0 = Debug|Any CPU
		{8058859B-1753-4D3D-95A9-13B1B6AE9959}.Debug|x86.ActiveCfg = Debug|Any CPU
		{8058859B-1753-4D3D-95A9-13B1B6AE9959}.Debug|x86.Build.0 = Debug|Any CPU
		{8058859B-1753-4D3D-95A9-13B1B6AE9959}.Release|Any CPU.ActiveCfg = Release|Any CPU
		{8058859B-1753-4D3D-95A9-13B1B6AE9959}.Release|Any CPU.Build.0 = Release|Any CPU
		{8058859B-1753-4D3D-95A9-13B1B6AE9959}.Release|x86.ActiveCfg = Release|Any CPU
		{8058859B-1753-4D3D-95A9-13B1B6AE9959}.Release|x86.Build.0 = Release|Any CPU
		{5E3A82D4-0965-40A0-AEC3-38CEA5E7CBC3}.Debug|Any CPU.ActiveCfg = Debug|Any CPU
		{5E3A82D4-0965-40A0-AEC3-38CEA5E7CBC3}.Debug|Any CPU.Build.0 = Debug|Any CPU
		{5E3A82D4-0965-40A0-AEC3-38CEA5E7CBC3}.Debug|x86.ActiveCfg = Debug|Any CPU
		{5E3A82D4-0965-40A0-AEC3-38CEA5E7CBC3}.Debug|x86.Build.0 = Debug|Any CPU
		{5E3A82D4-0965-40A0-AEC3-38CEA5E7CBC3}.Release|Any CPU.ActiveCfg = Release|Any CPU
		{5E3A82D4-0965-40A0-AEC3-38CEA5E7CBC3}.Release|Any CPU.Build.0 = Release|Any CPU
		{5E3A82D4-0965-40A0-AEC3-38CEA5E7CBC3}.Release|x86.ActiveCfg = Release|Any CPU
		{5E3A82D4-0965-40A0-AEC3-38CEA5E7CBC3}.Release|x86.Build.0 = Release|Any CPU
		{8F0BE8AD-63CD-4E2D-A4E6-279C7B81E376}.Debug|Any CPU.ActiveCfg = Debug|Any CPU
		{8F0BE8AD-63CD-4E2D-A4E6-279C7B81E376}.Debug|Any CPU.Build.0 = Debug|Any CPU
		{8F0BE8AD-63CD-4E2D-A4E6-279C7B81E376}.Debug|x86.ActiveCfg = Debug|Any CPU
		{8F0BE8AD-63CD-4E2D-A4E6-279C7B81E376}.Debug|x86.Build.0 = Debug|Any CPU
		{8F0BE8AD-63CD-4E2D-A4E6-279C7B81E376}.Release|Any CPU.ActiveCfg = Release|Any CPU
		{8F0BE8AD-63CD-4E2D-A4E6-279C7B81E376}.Release|Any CPU.Build.0 = Release|Any CPU
		{8F0BE8AD-63CD-4E2D-A4E6-279C7B81E376}.Release|x86.ActiveCfg = Release|Any CPU
		{8F0BE8AD-63CD-4E2D-A4E6-279C7B81E376}.Release|x86.Build.0 = Release|Any CPU
		{203E368B-4A8D-44DD-A791-E9FF9D7E124B}.Debug|Any CPU.ActiveCfg = Debug|Any CPU
		{203E368B-4A8D-44DD-A791-E9FF9D7E124B}.Debug|Any CPU.Build.0 = Debug|Any CPU
		{203E368B-4A8D-44DD-A791-E9FF9D7E124B}.Debug|x86.ActiveCfg = Debug|Any CPU
		{203E368B-4A8D-44DD-A791-E9FF9D7E124B}.Debug|x86.Build.0 = Debug|Any CPU
		{203E368B-4A8D-44DD-A791-E9FF9D7E124B}.Release|Any CPU.ActiveCfg = Release|Any CPU
		{203E368B-4A8D-44DD-A791-E9FF9D7E124B}.Release|Any CPU.Build.0 = Release|Any CPU
		{203E368B-4A8D-44DD-A791-E9FF9D7E124B}.Release|x86.ActiveCfg = Release|Any CPU
		{203E368B-4A8D-44DD-A791-E9FF9D7E124B}.Release|x86.Build.0 = Release|Any CPU
		{6439A734-F29D-467E-B4A4-7FD0C501E28D}.Debug|Any CPU.ActiveCfg = Debug|Any CPU
		{6439A734-F29D-467E-B4A4-7FD0C501E28D}.Debug|Any CPU.Build.0 = Debug|Any CPU
		{6439A734-F29D-467E-B4A4-7FD0C501E28D}.Debug|x86.ActiveCfg = Debug|Any CPU
		{6439A734-F29D-467E-B4A4-7FD0C501E28D}.Debug|x86.Build.0 = Debug|Any CPU
		{6439A734-F29D-467E-B4A4-7FD0C501E28D}.Release|Any CPU.ActiveCfg = Release|Any CPU
		{6439A734-F29D-467E-B4A4-7FD0C501E28D}.Release|Any CPU.Build.0 = Release|Any CPU
		{6439A734-F29D-467E-B4A4-7FD0C501E28D}.Release|x86.ActiveCfg = Release|Any CPU
		{6439A734-F29D-467E-B4A4-7FD0C501E28D}.Release|x86.Build.0 = Release|Any CPU
		{F590F696-18DD-4DD8-92CA-799CDD2BE822}.Debug|Any CPU.ActiveCfg = Debug|Any CPU
		{F590F696-18DD-4DD8-92CA-799CDD2BE822}.Debug|Any CPU.Build.0 = Debug|Any CPU
		{F590F696-18DD-4DD8-92CA-799CDD2BE822}.Debug|x86.ActiveCfg = Debug|x86
		{F590F696-18DD-4DD8-92CA-799CDD2BE822}.Debug|x86.Build.0 = Debug|x86
		{F590F696-18DD-4DD8-92CA-799CDD2BE822}.Release|Any CPU.ActiveCfg = Release|Any CPU
		{F590F696-18DD-4DD8-92CA-799CDD2BE822}.Release|Any CPU.Build.0 = Release|Any CPU
		{F590F696-18DD-4DD8-92CA-799CDD2BE822}.Release|x86.ActiveCfg = Release|x86
		{F590F696-18DD-4DD8-92CA-799CDD2BE822}.Release|x86.Build.0 = Release|x86
		{6BB745BD-516C-4DE6-978A-F6F77B90CEF1}.Debug|Any CPU.ActiveCfg = Debug|Any CPU
		{6BB745BD-516C-4DE6-978A-F6F77B90CEF1}.Debug|Any CPU.Build.0 = Debug|Any CPU
		{6BB745BD-516C-4DE6-978A-F6F77B90CEF1}.Debug|x86.ActiveCfg = Debug|Any CPU
		{6BB745BD-516C-4DE6-978A-F6F77B90CEF1}.Debug|x86.Build.0 = Debug|Any CPU
		{6BB745BD-516C-4DE6-978A-F6F77B90CEF1}.Release|Any CPU.ActiveCfg = Release|Any CPU
		{6BB745BD-516C-4DE6-978A-F6F77B90CEF1}.Release|Any CPU.Build.0 = Release|Any CPU
		{6BB745BD-516C-4DE6-978A-F6F77B90CEF1}.Release|x86.ActiveCfg = Release|Any CPU
		{6BB745BD-516C-4DE6-978A-F6F77B90CEF1}.Release|x86.Build.0 = Release|Any CPU
	EndGlobalSection
	GlobalSection(SolutionProperties) = preSolution
		HideSolutionNode = FALSE
	EndGlobalSection
	GlobalSection(ExtensibilityGlobals) = postSolution
		SolutionGuid = {8E0C7A0B-9338-4A5A-ABF8-AE0734E7510B}
	EndGlobalSection
EndGlobal
